
Microsoft Visual Studio Solution File, Format Version 12.00
# Visual Studio Version 17
VisualStudioVersion = 17.5.002.0
MinimumVisualStudioVersion = 10.0.40219.1
Project("{9A19103F-16F7-4668-BE54-9A1E7A4F7556}") = "Sobremesa", "Sobremesa.csproj", "{540703FF-D0F8-42E7-AA9D-E5886CF1A1AA}"
EndProject
Global
	GlobalSection(SolutionConfigurationPlatforms) = preSolution
		Debug|Any CPU = Debug|Any CPU
		Release|Any CPU = Release|Any CPU
	EndGlobalSection
	GlobalSection(ProjectConfigurationPlatforms) = postSolution
		{540703FF-D0F8-42E7-AA9D-E5886CF1A1AA}.Debug|Any CPU.ActiveCfg = Debug|Any CPU
		{540703FF-D0F8-42E7-AA9D-E5886CF1A1AA}.Debug|Any CPU.Build.0 = Debug|Any CPU
		{540703FF-D0F8-42E7-AA9D-E5886CF1A1AA}.Release|Any CPU.ActiveCfg = Release|Any CPU
		{540703FF-D0F8-42E7-AA9D-E5886CF1A1AA}.Release|Any CPU.Build.0 = Release|Any CPU
	EndGlobalSection
	GlobalSection(SolutionProperties) = preSolution
		HideSolutionNode = FALSE
	EndGlobalSection
	GlobalSection(ExtensibilityGlobals) = postSolution
		SolutionGuid = {C8226CE0-1DEA-41E9-86F4-089695530DC2}
	EndGlobalSection
EndGlobal
